PODS:
  - BetterSegmentedControl (1.3.0)
  - Charts (4.0.2):
    - Charts/Core (= 4.0.2)
  - Charts/Core (4.0.2):
    - SwiftAlgorithms (~> 1.0)
  - lottie-ios (3.4.2)
  - MemojiView (0.0.1)
  - Realm (10.17.0):
    - Realm/Headers (= 10.17.0)
  - Realm/Headers (10.17.0)
  - RealmSwift (10.17.0):
    - Realm (= 10.17.0)
  - SwiftAlgorithms (1.0.0)

DEPENDENCIES:
  - BetterSegmentedControl (~> 1.3)
  - Charts
  - lottie-ios
  - MemojiView
  - RealmSwift (~> 10)

SPEC REPOS:
  trunk:
    - BetterSegmentedControl
    - Charts
    - lottie-ios
    - MemojiView
    - Realm
    - RealmSwift
    - SwiftAlgorithms

SPEC CHECKSUMS:
  BetterSegmentedControl: 85d1b0343a09603b098884d527f550dfc8e6cdd9
  Charts: cfa4e911e6dc289582c2fe011a0e87c03d96727f
  lottie-ios: 6bbc53eef6957e4744a50321507015fba72d8ca6
  MemojiView: d58c9a7272506704038f0351d2f4a273bcd84cd9
  Realm: 9533276bd76f66aa2fd0d3ffe700c1f6023dcab6
  RealmSwift: 57f5d59aa29852587aad1e861989e7af139894b5
  SwiftAlgorithms: 38dda4731d19027fdeee1125f973111bf3386b53

PODFILE CHECKSUM: 0547e49ea5e04d18f2ebdbd723ee8a58d47ce086

COCOAPODS: 1.10.1
